
Microsoft Visual Studio Solution File, Format Version 12.00
# Visual Studio Version 16
VisualStudioVersion = 16.0.31105.61
MinimumVisualStudioVersion = 10.0.40219.1
Project("{9A19103F-16F7-4668-BE54-9A1E7A4F7556}") = "eCommerce", "eCommerce\eCommerce.csproj", "{C8A0FCD5-1D73-4BE5-86F0-39A00195CF4E}"
EndProject
Project("{2150E333-8FDC-42A3-9474-1A3956D46DE8}") = "Libraray", "Libraray", "{ACFBF4FA-49BF-447F-9614-EF2942218CF6}"
EndProject
Project("{9A19103F-16F7-4668-BE54-9A1E7A4F7556}") = "Business", "Business\Business.csproj", "{10DF7593-ABC0-4195-9412-FF31AC2F1BDF}"
EndProject
Project("{9A19103F-16F7-4668-BE54-9A1E7A4F7556}") = "Core", "Core\Core.csproj", "{0BE3FCCD-C8E9-4195-A6B7-30E4D85E2E10}"
EndProject
Project("{9A19103F-16F7-4668-BE54-9A1E7A4F7556}") = "DataAccess", "DataAccess\DataAccess.csproj", "{E8CFB4AD-CB2B-4C97-9CA3-FC8D3D43BEF8}"
EndProject
Project("{9A19103F-16F7-4668-BE54-9A1E7A4F7556}") = "Entities", "Entities\Entities.csproj", "{1DD4144A-BFB7-47C5-8878-64DC1ABA65A6}"
EndProject
Project("{2150E333-8FDC-42A3-9474-1A3956D46DE8}") = "Plugins", "Plugins", "{3E09EAB6-BB5E-4732-8670-E4C17E1ED2C0}"
EndProject
Project("{FAE04EC0-301F-11D3-BF4B-00C04F79EFBC}") = "Plugin.Base", "Plugin.Base\Plugin.Base.csproj", "{B759771D-755C-4DF0-A9BA-BD3A29BDFF23}"
EndProject
Project("{FAE04EC0-301F-11D3-BF4B-00C04F79EFBC}") = "Plugin.Iyzico", "Plugin.Iyzico\Plugin.Iyzico.csproj", "{AE881C37-D8A7-48BA-BA9A-8886E9E7A92F}"
EndProject
Global
	GlobalSection(SolutionConfigurationPlatforms) = preSolution
		Debug|Any CPU = Debug|Any CPU
		Release|Any CPU = Release|Any CPU
	EndGlobalSection
	GlobalSection(ProjectConfigurationPlatforms) = postSolution
		{C8A0FCD5-1D73-4BE5-86F0-39A00195CF4E}.Debug|Any CPU.ActiveCfg = Debug|Any CPU
		{C8A0FCD5-1D73-4BE5-86F0-39A00195CF4E}.Debug|Any CPU.Build.0 = Debug|Any CPU
		{C8A0FCD5-1D73-4BE5-86F0-39A00195CF4E}.Release|Any CPU.ActiveCfg = Release|Any CPU
		{C8A0FCD5-1D73-4BE5-86F0-39A00195CF4E}.Release|Any CPU.Build.0 = Release|Any CPU
		{10DF7593-ABC0-4195-9412-FF31AC2F1BDF}.Debug|Any CPU.ActiveCfg = Debug|Any CPU
		{10DF7593-ABC0-4195-9412-FF31AC2F1BDF}.Debug|Any CPU.Build.0 = Debug|Any CPU
		{10DF7593-ABC0-4195-9412-FF31AC2F1BDF}.Release|Any CPU.ActiveCfg = Release|Any CPU
		{10DF7593-ABC0-4195-9412-FF31AC2F1BDF}.Release|Any CPU.Build.0 = Release|Any CPU
		{0BE3FCCD-C8E9-4195-A6B7-30E4D85E2E10}.Debug|Any CPU.ActiveCfg = Debug|Any CPU
		{0BE3FCCD-C8E9-4195-A6B7-30E4D85E2E10}.Debug|Any CPU.Build.0 = Debug|Any CPU
		{0BE3FCCD-C8E9-4195-A6B7-30E4D85E2E10}.Release|Any CPU.ActiveCfg = Release|Any CPU
		{0BE3FCCD-C8E9-4195-A6B7-30E4D85E2E10}.Release|Any CPU.Build.0 = Release|Any CPU
		{E8CFB4AD-CB2B-4C97-9CA3-FC8D3D43BEF8}.Debug|Any CPU.ActiveCfg = Debug|Any CPU
		{E8CFB4AD-CB2B-4C97-9CA3-FC8D3D43BEF8}.Debug|Any CPU.Build.0 = Debug|Any CPU
		{E8CFB4AD-CB2B-4C97-9CA3-FC8D3D43BEF8}.Release|Any CPU.ActiveCfg = Release|Any CPU
		{E8CFB4AD-CB2B-4C97-9CA3-FC8D3D43BEF8}.Release|Any CPU.Build.0 = Release|Any CPU
		{1DD4144A-BFB7-47C5-8878-64DC1ABA65A6}.Debug|Any CPU.ActiveCfg = Debug|Any CPU
		{1DD4144A-BFB7-47C5-8878-64DC1ABA65A6}.Debug|Any CPU.Build.0 = Debug|Any CPU
		{1DD4144A-BFB7-47C5-8878-64DC1ABA65A6}.Release|Any CPU.ActiveCfg = Release|Any CPU
		{1DD4144A-BFB7-47C5-8878-64DC1ABA65A6}.Release|Any CPU.Build.0 = Release|Any CPU
		{B759771D-755C-4DF0-A9BA-BD3A29BDFF23}.Debug|Any CPU.ActiveCfg = Debug|Any CPU
		{B759771D-755C-4DF0-A9BA-BD3A29BDFF23}.Debug|Any CPU.Build.0 = Debug|Any CPU
		{B759771D-755C-4DF0-A9BA-BD3A29BDFF23}.Release|Any CPU.ActiveCfg = Release|Any CPU
		{B759771D-755C-4DF0-A9BA-BD3A29BDFF23}.Release|Any CPU.Build.0 = Release|Any CPU
		{AE881C37-D8A7-48BA-BA9A-8886E9E7A92F}.Debug|Any CPU.ActiveCfg = Debug|Any CPU
		{AE881C37-D8A7-48BA-BA9A-8886E9E7A92F}.Debug|Any CPU.Build.0 = Debug|Any CPU
		{AE881C37-D8A7-48BA-BA9A-8886E9E7A92F}.Release|Any CPU.ActiveCfg = Release|Any CPU
		{AE881C37-D8A7-48BA-BA9A-8886E9E7A92F}.Release|Any CPU.Build.0 = Release|Any CPU
	EndGlobalSection
	GlobalSection(SolutionProperties) = preSolution
		HideSolutionNode = FALSE
	EndGlobalSection
	GlobalSection(NestedProjects) = preSolution
		{10DF7593-ABC0-4195-9412-FF31AC2F1BDF} = {ACFBF4FA-49BF-447F-9614-EF2942218CF6}
		{0BE3FCCD-C8E9-4195-A6B7-30E4D85E2E10} = {ACFBF4FA-49BF-447F-9614-EF2942218CF6}
		{E8CFB4AD-CB2B-4C97-9CA3-FC8D3D43BEF8} = {ACFBF4FA-49BF-447F-9614-EF2942218CF6}
		{1DD4144A-BFB7-47C5-8878-64DC1ABA65A6} = {ACFBF4FA-49BF-447F-9614-EF2942218CF6}
		{B759771D-755C-4DF0-A9BA-BD3A29BDFF23} = {ACFBF4FA-49BF-447F-9614-EF2942218CF6}
		{AE881C37-D8A7-48BA-BA9A-8886E9E7A92F} = {3E09EAB6-BB5E-4732-8670-E4C17E1ED2C0}
	EndGlobalSection
	GlobalSection(ExtensibilityGlobals) = postSolution
		SolutionGuid = {8E3ED5AA-8A2F-494E-B053-A03B44366D71}
	EndGlobalSection
EndGlobal
