
Microsoft Visual Studio Solution File, Format Version 12.00
# Visual Studio Version 16
VisualStudioVersion = 16.0.31105.61
MinimumVisualStudioVersion = 10.0.40219.1
Project("{9A19103F-16F7-4668-BE54-9A1E7A4F7556}") = "eCommerce", "eCommerce\eCommerce.csproj", "{C8A0FCD5-1D73-4BE5-86F0-39A00195CF4E}"
EndProject
Project("{2150E333-8FDC-42A3-9474-1A3956D46DE8}") = "Libraray", "Libraray", "{ACFBF4FA-49BF-447F-9614-EF2942218CF6}"
EndProject
Project("{2150E333-8FDC-42A3-9474-1A3956D46DE8}") = "Plugins", "Plugins", "{3E09EAB6-BB5E-4732-8670-E4C17E1ED2C0}"
EndProject
Project("{9A19103F-16F7-4668-BE54-9A1E7A4F7556}") = "Plugin.Base", "Plugin.Base\Plugin.Base.csproj", "{B759771D-755C-4DF0-A9BA-BD3A29BDFF23}"
EndProject
Project("{9A19103F-16F7-4668-BE54-9A1E7A4F7556}") = "Plugin.Iyzico", "Plugin.Iyzico\Plugin.Iyzico.csproj", "{AE881C37-D8A7-48BA-BA9A-8886E9E7A92F}"
EndProject
Project("{9A19103F-16F7-4668-BE54-9A1E7A4F7556}") = "Tests", "Tests\Tests.csproj", "{EDFD7647-B7D2-441A-B248-1A2578AC8993}"
EndProject
Project("{2150E333-8FDC-42A3-9474-1A3956D46DE8}") = "Libraries", "Libraries", "{5A9BF704-2BE1-411D-9731-546B80CAD846}"
EndProject
Project("{FAE04EC0-301F-11D3-BF4B-00C04F79EFBC}") = "Core", "Libraries\Core\Core.csproj", "{0946FC20-5B3C-49FF-AEDF-E5E74ADC2371}"
EndProject
Project("{FAE04EC0-301F-11D3-BF4B-00C04F79EFBC}") = "Business", "Libraries\Business\Business.csproj", "{6A9C900C-F655-4648-8CD8-3BFB40E00685}"
EndProject
Project("{FAE04EC0-301F-11D3-BF4B-00C04F79EFBC}") = "DataAccess", "Libraries\DataAccess\DataAccess.csproj", "{03861F91-16E5-4DA6-9B75-737C20453CE9}"
EndProject
Project("{FAE04EC0-301F-11D3-BF4B-00C04F79EFBC}") = "Entities", "Libraries\Entities\Entities.csproj", "{129B540E-20F9-4429-9394-370A668A0641}"
EndProject
Global
	GlobalSection(SolutionConfigurationPlatforms) = preSolution
		Debug|Any CPU = Debug|Any CPU
		Release|Any CPU = Release|Any CPU
	EndGlobalSection
	GlobalSection(ProjectConfigurationPlatforms) = postSolution
		{C8A0FCD5-1D73-4BE5-86F0-39A00195CF4E}.Debug|Any CPU.ActiveCfg = Debug|Any CPU
		{C8A0FCD5-1D73-4BE5-86F0-39A00195CF4E}.Debug|Any CPU.Build.0 = Debug|Any CPU
		{C8A0FCD5-1D73-4BE5-86F0-39A00195CF4E}.Release|Any CPU.ActiveCfg = Release|Any CPU
		{C8A0FCD5-1D73-4BE5-86F0-39A00195CF4E}.Release|Any CPU.Build.0 = Release|Any CPU
		{B759771D-755C-4DF0-A9BA-BD3A29BDFF23}.Debug|Any CPU.ActiveCfg = Debug|Any CPU
		{B759771D-755C-4DF0-A9BA-BD3A29BDFF23}.Debug|Any CPU.Build.0 = Debug|Any CPU
		{B759771D-755C-4DF0-A9BA-BD3A29BDFF23}.Release|Any CPU.ActiveCfg = Release|Any CPU
		{B759771D-755C-4DF0-A9BA-BD3A29BDFF23}.Release|Any CPU.Build.0 = Release|Any CPU
		{AE881C37-D8A7-48BA-BA9A-8886E9E7A92F}.Debug|Any CPU.ActiveCfg = Debug|Any CPU
		{AE881C37-D8A7-48BA-BA9A-8886E9E7A92F}.Debug|Any CPU.Build.0 = Debug|Any CPU
		{AE881C37-D8A7-48BA-BA9A-8886E9E7A92F}.Release|Any CPU.ActiveCfg = Release|Any CPU
		{AE881C37-D8A7-48BA-BA9A-8886E9E7A92F}.Release|Any CPU.Build.0 = Release|Any CPU
		{EDFD7647-B7D2-441A-B248-1A2578AC8993}.Debug|Any CPU.ActiveCfg = Debug|Any CPU
		{EDFD7647-B7D2-441A-B248-1A2578AC8993}.Debug|Any CPU.Build.0 = Debug|Any CPU
		{EDFD7647-B7D2-441A-B248-1A2578AC8993}.Release|Any CPU.ActiveCfg = Release|Any CPU
		{EDFD7647-B7D2-441A-B248-1A2578AC8993}.Release|Any CPU.Build.0 = Release|Any CPU
		{0946FC20-5B3C-49FF-AEDF-E5E74ADC2371}.Debug|Any CPU.ActiveCfg = Debug|Any CPU
		{0946FC20-5B3C-49FF-AEDF-E5E74ADC2371}.Debug|Any CPU.Build.0 = Debug|Any CPU
		{0946FC20-5B3C-49FF-AEDF-E5E74ADC2371}.Release|Any CPU.ActiveCfg = Release|Any CPU
		{0946FC20-5B3C-49FF-AEDF-E5E74ADC2371}.Release|Any CPU.Build.0 = Release|Any CPU
		{6A9C900C-F655-4648-8CD8-3BFB40E00685}.Debug|Any CPU.ActiveCfg = Debug|Any CPU
		{6A9C900C-F655-4648-8CD8-3BFB40E00685}.Debug|Any CPU.Build.0 = Debug|Any CPU
		{6A9C900C-F655-4648-8CD8-3BFB40E00685}.Release|Any CPU.ActiveCfg = Release|Any CPU
		{6A9C900C-F655-4648-8CD8-3BFB40E00685}.Release|Any CPU.Build.0 = Release|Any CPU
		{03861F91-16E5-4DA6-9B75-737C20453CE9}.Debug|Any CPU.ActiveCfg = Debug|Any CPU
		{03861F91-16E5-4DA6-9B75-737C20453CE9}.Debug|Any CPU.Build.0 = Debug|Any CPU
		{03861F91-16E5-4DA6-9B75-737C20453CE9}.Release|Any CPU.ActiveCfg = Release|Any CPU
		{03861F91-16E5-4DA6-9B75-737C20453CE9}.Release|Any CPU.Build.0 = Release|Any CPU
		{129B540E-20F9-4429-9394-370A668A0641}.Debug|Any CPU.ActiveCfg = Debug|Any CPU
		{129B540E-20F9-4429-9394-370A668A0641}.Debug|Any CPU.Build.0 = Debug|Any CPU
		{129B540E-20F9-4429-9394-370A668A0641}.Release|Any CPU.ActiveCfg = Release|Any CPU
		{129B540E-20F9-4429-9394-370A668A0641}.Release|Any CPU.Build.0 = Release|Any CPU
	EndGlobalSection
	GlobalSection(SolutionProperties) = preSolution
		HideSolutionNode = FALSE
	EndGlobalSection
	GlobalSection(NestedProjects) = preSolution
		{B759771D-755C-4DF0-A9BA-BD3A29BDFF23} = {ACFBF4FA-49BF-447F-9614-EF2942218CF6}
		{AE881C37-D8A7-48BA-BA9A-8886E9E7A92F} = {3E09EAB6-BB5E-4732-8670-E4C17E1ED2C0}
		{0946FC20-5B3C-49FF-AEDF-E5E74ADC2371} = {5A9BF704-2BE1-411D-9731-546B80CAD846}
		{6A9C900C-F655-4648-8CD8-3BFB40E00685} = {5A9BF704-2BE1-411D-9731-546B80CAD846}
		{03861F91-16E5-4DA6-9B75-737C20453CE9} = {5A9BF704-2BE1-411D-9731-546B80CAD846}
		{129B540E-20F9-4429-9394-370A668A0641} = {5A9BF704-2BE1-411D-9731-546B80CAD846}
	EndGlobalSection
	GlobalSection(ExtensibilityGlobals) = postSolution
		SolutionGuid = {8E3ED5AA-8A2F-494E-B053-A03B44366D71}
	EndGlobalSection
EndGlobal
